
Microsoft Visual Studio Solution File, Format Version 12.00
# Visual Studio 15
VisualStudioVersion = 15.0.28307.421
MinimumVisualStudioVersion = 10.0.40219.1
Project("{FAE04EC0-301F-11D3-BF4B-00C04F79EFBC}") = "CBFBuilder", "CBFBuilder\CBFBuilder.csproj", "{C5409116-570E-437A-A3A7-9F4A3A37B43E}"
EndProject
Project("{FAE04EC0-301F-11D3-BF4B-00C04F79EFBC}") = "CBFBuilder.Test", "CBFBuilder.Test\CBFBuilder.Test.csproj", "{F4CFEC8F-77BC-4A47-B3F5-6EB4C7F8F554}"
EndProject
Project("{FAE04EC0-301F-11D3-BF4B-00C04F79EFBC}") = "CBFBuilder.Examples", "CBFBuilder.Examples\CBFBuilder.Examples.csproj", "{8F8646B5-181D-4DF2-A052-0BB8C556A92C}"
EndProject
Global
	GlobalSection(SolutionConfigurationPlatforms) = preSolution
		Debug|Any CPU = Debug|Any CPU
		Release|Any CPU = Release|Any CPU
	EndGlobalSection
	GlobalSection(ProjectConfigurationPlatforms) = postSolution
		{C5409116-570E-437A-A3A7-9F4A3A37B43E}.Debug|Any CPU.ActiveCfg = Debug|Any CPU
		{C5409116-570E-437A-A3A7-9F4A3A37B43E}.Debug|Any CPU.Build.0 = Debug|Any CPU
		{C5409116-570E-437A-A3A7-9F4A3A37B43E}.Release|Any CPU.ActiveCfg = Release|Any CPU
		{C5409116-570E-437A-A3A7-9F4A3A37B43E}.Release|Any CPU.Build.0 = Release|Any CPU
		{F4CFEC8F-77BC-4A47-B3F5-6EB4C7F8F554}.Debug|Any CPU.ActiveCfg = Debug|Any CPU
		{F4CFEC8F-77BC-4A47-B3F5-6EB4C7F8F554}.Debug|Any CPU.Build.0 = Debug|Any CPU
		{F4CFEC8F-77BC-4A47-B3F5-6EB4C7F8F554}.Release|Any CPU.ActiveCfg = Release|Any CPU
		{F4CFEC8F-77BC-4A47-B3F5-6EB4C7F8F554}.Release|Any CPU.Build.0 = Release|Any CPU
		{8F8646B5-181D-4DF2-A052-0BB8C556A92C}.Debug|Any CPU.ActiveCfg = Debug|Any CPU
		{8F8646B5-181D-4DF2-A052-0BB8C556A92C}.Debug|Any CPU.Build.0 = Debug|Any CPU
		{8F8646B5-181D-4DF2-A052-0BB8C556A92C}.Release|Any CPU.ActiveCfg = Release|Any CPU
		{8F8646B5-181D-4DF2-A052-0BB8C556A92C}.Release|Any CPU.Build.0 = Release|Any CPU
	EndGlobalSection
	GlobalSection(SolutionProperties) = preSolution
		HideSolutionNode = FALSE
	EndGlobalSection
	GlobalSection(ExtensibilityGlobals) = postSolution
		SolutionGuid = {13C3F321-12AA-4229-B7CC-A32316C01179}
	EndGlobalSection
EndGlobal
